
Microsoft Visual Studio Solution File, Format Version 12.00
# Visual Studio Version 17
VisualStudioVersion = 17.14.36908.2 d17.14
MinimumVisualStudioVersion = 10.0.40219.1
Project("{FAE04EC0-301F-11D3-BF4B-00C04F79EFBC}") = "oef03_Spreuken RobbeM 5AD", "oef03_Spreuken RobbeM 5AD.csproj", "{3204B58D-8C01-4468-8D94-F82C535427E6}"
EndProject
Global
	GlobalSection(SolutionConfigurationPlatforms) = preSolution
		Debug|Any CPU = Debug|Any CPU
		Release|Any CPU = Release|Any CPU
	EndGlobalSection
	GlobalSection(ProjectConfigurationPlatforms) = postSolution
		{3204B58D-8C01-4468-8D94-F82C535427E6}.Debug|Any CPU.ActiveCfg = Debug|Any CPU
		{3204B58D-8C01-4468-8D94-F82C535427E6}.Debug|Any CPU.Build.0 = Debug|Any CPU
		{3204B58D-8C01-4468-8D94-F82C535427E6}.Release|Any CPU.ActiveCfg = Release|Any CPU
		{3204B58D-8C01-4468-8D94-F82C535427E6}.Release|Any CPU.Build.0 = Release|Any CPU
	EndGlobalSection
	GlobalSection(SolutionProperties) = preSolution
		HideSolutionNode = FALSE
	EndGlobalSection
	GlobalSection(ExtensibilityGlobals) = postSolution
		SolutionGuid = {DABE4075-A58B-4755-889B-D1509EEF1FE7}
	EndGlobalSection
EndGlobal
